{"deployment_details": null, "nfvi": {"switching": "ML2-VPP", "owner": "SVS Team", "location": "SVS", "version": "Newton", "contact": "Rebecca Zhu (rzhu@cisco.com)"}, "vm_details": null, "bench": {"rate": "ndr_pdr", "profile": "traffic_profile_64B", "flow_count": "1", "git": "0", "bidirectional": true, "duration": "10", "deployment": "infra-bench-dep", "when": "2017-05-29 13:59"}}