{"deployment_details": null, "nfvi": {"contact": "Kali (akaliwod@cisco.com)", "version": "Liberty (5970)", "location": "Paris", "switching": "OVS", "owner": "EMEAR Architecture Team"}, "bench": {"profile": "traffic_profile_64B", "rate": "5kpps", "bidirectional": true, "flow_count": "10", "duration": "10", "when": "2017-05-10 10:04", "git": "1", "deployment": null}, "vm_details": []}