{"nfvi": {"contact": "Kali (akaliwod@cisco.com)", "owner": "EMEAR Architecture Team", "location": "Paris", "version": "Liberty (5970)", "switching": "OVS"}, "deployment_details": null, "vm_details": null, "bench": {"rate": "5kpps", "profile": "traffic_profile_64B", "bidirectional": true, "git": "1", "flow_count": "10", "when": "2017-05-10 10:16", "deployment": "infra-bench-dep", "duration": "10"}}