{"deployment_details": null, "bench": {"deployment": "infra-bench-dep", "rate": "ndr_pdr", "bidirectional": true, "duration": "10", "flow_count": "1", "git": "1", "when": "2017-05-10 22:04", "profile": "traffic_profile_64B"}, "nfvi": {"contact": "Kali (akaliwod@cisco.com)", "location": "Paris", "switching": "OVS", "owner": "EMEAR Architecture Team", "version": "Liberty (5970)"}, "vm_details": null}