{"vm_details": null, "bench": {"when": "2017-05-10 10:48", "git": "1", "duration": "10", "rate": "5kpps", "bidirectional": true, "profile": "traffic_profile_1518B", "flow_count": "1", "deployment": "infra-bench-dep"}, "deployment_details": null, "nfvi": {"owner": "EMEAR Architecture Team", "contact": "Kali (akaliwod@cisco.com)", "location": "Paris", "switching": "OVS", "version": "Liberty (5970)"}}