{"deployment_details": {"deployment_name": "csr-bench-dep", "internal_deployment_id": "23f7444e-174c-4a53-8d21-085316b39e3f", "deployment_details": {"vm_name": "23f7444e-174c-4_csr1_0_29430544-eb02-40c3-9a62-4049a6f38d8f", "host_name": "compute-server-8", "vm_state_machine_state": "VM_ALIVE_STATE", "vm_uuid": "f6b10c7e-fce3-42da-8689-b4a726f18dad", "host_uuid": "0e51989cf4835622040d541f441060b3d795049bb1445709fefa491c", "interfaces": {"interface": [{"gateway": "192.168.2.1", "ip_address": "192.168.2.2", "netmask": "255.255.255.0", "nic_id": "2", "mac_address": "fa:16:3e:87:49:68", "subnet_uuid": "98ef6f3f-3735-41e2-910b-1b59d3621485", "port_uuid": "1fc1721d-d65e-4cec-b416-8b2fe3ce2740", "network_uuid": "84f8af1d-145b-49bf-9545-9f4c5546b304", "port_forwarding": null, "security_groups": null}, {"gateway": "192.168.1.1", "ip_address": "192.168.1.2", "netmask": "255.255.255.0", "nic_id": "1", "mac_address": "fa:16:3e:4c:d9:af", "subnet_uuid": "34c0d913-5e08-43c9-a5ec-192f010c13ed", "port_uuid": "79ea3d8a-d4e2-43f0-bf57-6dca55e8af23", "network_uuid": "99bea910-0468-454d-b546-6ad4ac426b05", "port_forwarding": null, "security_groups": null}, {"gateway": "10.254.253.254", "ip_address": "10.254.253.120", "netmask": "255.255.255.0", "nic_id": "0", "mac_address": "fa:16:3e:e4:d0:42", "subnet_uuid": "7d819733-0472-41fe-b3e0-3c5c5a0645cd", "port_uuid": "f6001b67-4a17-483c-ae47-130d4836581f", "network_uuid": "a0fac9b8-76f0-4cf4-8493-544ffd82c345", "port_forwarding": null, "security_groups": null}]}, "vm_group_name": "csr1"}, "datacenter": {"default": "false"}, "service_state_machine_state": "SERVICE_ACTIVE_STATE", "internal_tenant_id": "esc-demo", "external_tenant_id": "43d280980abd4e9ba7f1fa05d9bff4b8", "external_deployment_id": "0986e854-418b-4b18-8e90-d49362a96446"}, "nfvi": {"owner": "EMEAR Architecture Team", "location": "Paris", "switching": "OVS", "contact": "Kali (akaliwod@cisco.com)", "version": "Liberty (5970)"}, "vm_details": [{"image": {"protected": false, "visibility": "public", "size": 1333329920, "schema": "/v2/schemas/image", "tags": [], "disk_format": "qcow2", "virtual_size": null, "status": "active", "name": "csr1000v163", "checksum": "4c4d7685886c3b172f7579d8c6d2d2fc", "created_at": "2017-04-19T18:35:09Z", "owner": "515c416e972b4b3badb589d4711868d8", "id": "69bd2862-75da-400f-9d4a-4fbb233c6714", "min_ram": 0, "min_disk": 0, "file": "/v2/images/69bd2862-75da-400f-9d4a-4fbb233c6714/file", "container_format": "bare", "updated_at": "2017-04-19T18:35:39Z"}, "flavor": {"swap": "", "vcpus": 2, "os-flavor-access:is_public": true, "id": "8003aee3-a217-4bec-9fb4-8e6a471c7dc0", "extra": {"hw:mem_page_size": "2048"}, "links": [{"href": "http://192.168.22.10:8774/v2/1bc67669f84e4b79896fc8f111f85069/flavors/8003aee3-a217-4bec-9fb4-8e6a471c7dc0", "rel": "self"}, {"href": "http://192.168.22.10:8774/1bc67669f84e4b79896fc8f111f85069/flavors/8003aee3-a217-4bec-9fb4-8e6a471c7dc0", "rel": "bookmark"}], "OS-FLV-DISABLED:disabled": false, "ram": 4096, "name": "csr.medium", "disk": 0, "OS-FLV-EXT-DATA:ephemeral": 0, "rxtx_factor": 1.0}, "server": {"service": {"disabled_reason": null, "host": "compute-server-8", "id": 58}, "disk_available_least": 11980, "host_ip": "192.168.27.111", "hypervisor_version": 2003000, "state": "up", "current_workload": 0, "memory_mb_used": 103428, "running_vms": 10, "vcpus_used": 25, "free_disk_gb": 13177, "free_ram_mb": 412341, "vcpus": 68, "cpu_info": "{\"vendor\": \"Intel\", \"model\": \"Haswell-noTSX\", \"arch\": \"x86_64\", \"features\": [\"pge\", \"avx\", \"clflush\", \"sep\", \"syscall\", \"vme\", \"dtes64\", \"invpcid\", \"tsc\", \"fsgsbase\", \"xsave\", \"vmx\", \"erms\", \"xtpr\", \"cmov\", \"smep\", \"ssse3\", \"est\", \"pat\", \"monitor\", \"smx\", \"pbe\", \"lm\", \"msr\", \"nx\", \"fxsr\", \"tm\", \"sse4.1\", \"pae\", \"sse4.2\", \"pclmuldq\", \"acpi\", \"fma\", \"tsc-deadline\", \"mmx\", \"osxsave\", \"cx8\", \"mce\", \"de\", \"tm2\", \"ht\", \"dca\", \"lahf_lm\", \"abm\", \"popcnt\", \"mca\", \"pdpe1gb\", \"apic\", \"sse\", \"f16c\", \"pse\", \"ds\", \"invtsc\", \"pni\", \"rdtscp\", \"avx2\", \"aes\", \"sse2\", \"ss\", \"ds_cpl\", \"bmi1\", \"bmi2\", \"pcid\", \"fpu\", \"cx16\", \"pse36\", \"mtrr\", \"movbe\", \"pdcm\", \"rdrand\", \"x2apic\"], \"topology\": {\"cores\": 18, \"cells\": 2, \"threads\": 2, \"sockets\": 1}}", "memory_mb": 515769, "hypervisor_type": "QEMU", "status": "enabled", "local_gb_used": 230, "local_gb": 13407, "hypervisor_hostname": "compute-server-8", "id": 4}, "networks": [{"ip": "10.254.253.120", "name": "os-management-net-0"}, {"ip": "192.168.2.2", "name": "nfvbench-net1"}, {"ip": "192.168.1.2", "name": "nfvbench-net0"}], "vm": {"image": {"links": [{"href": "http://192.168.22.10:8774/1bc67669f84e4b79896fc8f111f85069/images/69bd2862-75da-400f-9d4a-4fbb233c6714", "rel": "bookmark"}], "id": "69bd2862-75da-400f-9d4a-4fbb233c6714"}, "task_state": null, "OS-EXT-SRV-ATTR:host": "compute-server-8", "OS-EXT-STS:task_state": null, "os-extended-volumes:volumes_attached": [], "OS-EXT-STS:power_state": 1, "target_host": "compute-server-8", "metadata": {}, "hostId": "0e51989cf4835622040d541f441060b3d795049bb1445709fefa491c", "user_id": "60f374f3a26843c583c67690896d14ef", "progress": 0, "config_drive": "True", "updated": "2017-05-02T11:04:45Z", "status": "ACTIVE", "OS-SRV-USG:launched_at": "2017-05-02T11:04:45.000000", "OS-EXT-STS:vm_state": "active", "links": [{"href": "http://192.168.22.10:8774/v2/1bc67669f84e4b79896fc8f111f85069/servers/f6b10c7e-fce3-42da-8689-b4a726f18dad", "rel": "self"}, {"href": "http://192.168.22.10:8774/1bc67669f84e4b79896fc8f111f85069/servers/f6b10c7e-fce3-42da-8689-b4a726f18dad", "rel": "bookmark"}], "addresses": {"os-management-net-0": [{"OS-EXT-IPS:type": "fixed", "addr": "10.254.253.120", "OS-EXT-IPS-MAC:mac_addr": "fa:16:3e:e4:d0:42", "version": 4}], "nfvbench-net1": [{"OS-EXT-IPS:type": "fixed", "addr": "192.168.2.2", "OS-EXT-IPS-MAC:mac_addr": "fa:16:3e:87:49:68", "version": 4}], "nfvbench-net0": [{"OS-EXT-IPS:type": "fixed", "addr": "192.168.1.2", "OS-EXT-IPS-MAC:mac_addr": "fa:16:3e:4c:d9:af", "version": 4}]}, "tenant_id": "43d280980abd4e9ba7f1fa05d9bff4b8", "OS-SRV-USG:terminated_at": null, "OS-EXT-AZ:availability_zone": "nova", "OS-EXT-SRV-ATTR:hypervisor_hostname": "compute-server-8", "id": "f6b10c7e-fce3-42da-8689-b4a726f18dad", "accessIPv4": "", "flavor": {"links": [{"href": "http://192.168.22.10:8774/1bc67669f84e4b79896fc8f111f85069/flavors/8003aee3-a217-4bec-9fb4-8e6a471c7dc0", "rel": "bookmark"}], "id": "8003aee3-a217-4bec-9fb4-8e6a471c7dc0"}, "OS-DCF:diskConfig": "MANUAL", "key_name": null, "name": "23f7444e-174c-4_csr1_0_29430544-eb02-40c3-9a62-4049a6f38d8f", "accessIPv6": "", "OS-EXT-SRV-ATTR:instance_name": "instance-0000238c", "created": "2017-05-02T11:03:55Z", "security_groups": [{"name": "default"}, {"name": "default"}, {"name": "default"}]}}], "bench": {"rate": "5kpps", "profile": "traffic_profile_64B", "git": "1", "bidirectional": true, "flow_count": "1", "duration": "10", "deployment": "csr-bench-dep"}}