{"nfvi": {"location": "Paris", "switching": "OVS", "owner": "EMEAR Architecture Team", "version": "Liberty (5970)", "contact": "Kali (akaliwod@cisco.com)"}, "bench": {"rate": "5kpps", "flow_count": "1", "when": "2017-05-10 08:24", "duration": "10", "profile": "traffic_profile_64B", "git": "1", "deployment": "csr-bench-dep", "bidirectional": true}, "deployment_details": {"internal_tenant_id": "esc-demo", "datacenter": {"default": "false"}, "deployment_details": {"host_name": "compute-server-8", "vm_name": "23f7444e-174c-4_csr1_0_29430544-eb02-40c3-9a62-4049a6f38d8f", "vm_uuid": "f6b10c7e-fce3-42da-8689-b4a726f18dad", "vm_state_machine_state": "VM_ALIVE_STATE", "vm_group_name": "csr1", "host_uuid": "0e51989cf4835622040d541f441060b3d795049bb1445709fefa491c", "interfaces": {"interface": [{"netmask": "255.255.255.0", "nic_id": "2", "ip_address": "192.168.2.2", "subnet_uuid": "98ef6f3f-3735-41e2-910b-1b59d3621485", "gateway": "192.168.2.1", "network_uuid": "84f8af1d-145b-49bf-9545-9f4c5546b304", "port_uuid": "1fc1721d-d65e-4cec-b416-8b2fe3ce2740", "port_forwarding": null, "mac_address": "fa:16:3e:87:49:68", "security_groups": null}, {"netmask": "255.255.255.0", "nic_id": "1", "ip_address": "192.168.1.2", "subnet_uuid": "34c0d913-5e08-43c9-a5ec-192f010c13ed", "gateway": "192.168.1.1", "network_uuid": "99bea910-0468-454d-b546-6ad4ac426b05", "port_uuid": "79ea3d8a-d4e2-43f0-bf57-6dca55e8af23", "port_forwarding": null, "mac_address": "fa:16:3e:4c:d9:af", "security_groups": null}, {"netmask": "255.255.255.0", "nic_id": "0", "ip_address": "10.254.253.120", "subnet_uuid": "7d819733-0472-41fe-b3e0-3c5c5a0645cd", "gateway": "10.254.253.254", "network_uuid": "a0fac9b8-76f0-4cf4-8493-544ffd82c345", "port_uuid": "f6001b67-4a17-483c-ae47-130d4836581f", "port_forwarding": null, "mac_address": "fa:16:3e:e4:d0:42", "security_groups": null}]}}, "internal_deployment_id": "23f7444e-174c-4a53-8d21-085316b39e3f", "deployment_name": "csr-bench-dep", "external_tenant_id": "43d280980abd4e9ba7f1fa05d9bff4b8", "service_state_machine_state": "SERVICE_ACTIVE_STATE", "external_deployment_id": "0986e854-418b-4b18-8e90-d49362a96446"}, "vm_details": [{"networks": [{"ip": "10.254.253.120", "name": "os-management-net-0"}, {"ip": "192.168.1.2", "name": "nfvbench-net0"}, {"ip": "192.168.2.2", "name": "nfvbench-net1"}], "server": {"hypervisor_type": "QEMU", "memory_mb": 515769, "free_ram_mb": 412341, "service": {"host": "compute-server-8", "disabled_reason": null, "id": 58}, "hypervisor_version": 2003000, "state": "up", "disk_available_least": 11979, "vcpus_used": 25, "free_disk_gb": 13177, "hypervisor_hostname": "compute-server-8", "current_workload": 0, "cpu_info": "{\"vendor\": \"Intel\", \"model\": \"Haswell-noTSX\", \"arch\": \"x86_64\", \"features\": [\"pge\", \"avx\", \"clflush\", \"sep\", \"syscall\", \"vme\", \"dtes64\", \"invpcid\", \"tsc\", \"fsgsbase\", \"xsave\", \"vmx\", \"erms\", \"xtpr\", \"cmov\", \"smep\", \"ssse3\", \"est\", \"pat\", \"monitor\", \"smx\", \"pbe\", \"lm\", \"msr\", \"nx\", \"fxsr\", \"tm\", \"sse4.1\", \"pae\", \"sse4.2\", \"pclmuldq\", \"acpi\", \"fma\", \"tsc-deadline\", \"mmx\", \"osxsave\", \"cx8\", \"mce\", \"de\", \"tm2\", \"ht\", \"dca\", \"lahf_lm\", \"abm\", \"popcnt\", \"mca\", \"pdpe1gb\", \"apic\", \"sse\", \"f16c\", \"pse\", \"ds\", \"invtsc\", \"pni\", \"rdtscp\", \"avx2\", \"aes\", \"sse2\", \"ss\", \"ds_cpl\", \"bmi1\", \"bmi2\", \"pcid\", \"fpu\", \"cx16\", \"pse36\", \"mtrr\", \"movbe\", \"pdcm\", \"rdrand\", \"x2apic\"], \"topology\": {\"cores\": 18, \"cells\": 2, \"threads\": 2, \"sockets\": 1}}", "id": 4, "memory_mb_used": 103428, "host_ip": "192.168.27.111", "running_vms": 10, "local_gb": 13407, "local_gb_used": 230, "status": "enabled", "vcpus": 68}, "image": {"min_ram": 0, "created_at": "2017-04-19T18:35:09Z", "schema": "/v2/schemas/image", "min_disk": 0, "container_format": "bare", "updated_at": "2017-04-19T18:35:39Z", "visibility": "public", "protected": false, "disk_format": "qcow2", "file": "/v2/images/69bd2862-75da-400f-9d4a-4fbb233c6714/file", "owner": "515c416e972b4b3badb589d4711868d8", "status": "active", "tags": [], "id": "69bd2862-75da-400f-9d4a-4fbb233c6714", "size": 1333329920, "checksum": "4c4d7685886c3b172f7579d8c6d2d2fc", "virtual_size": null, "name": "csr1000v163"}, "flavor": {"OS-FLV-EXT-DATA:ephemeral": 0, "extra": {"hw:mem_page_size": "2048"}, "name": "csr.medium", "swap": "", "disk": 0, "links": [{"href": "http://192.168.22.10:8774/v2/1bc67669f84e4b79896fc8f111f85069/flavors/8003aee3-a217-4bec-9fb4-8e6a471c7dc0", "rel": "self"}, {"href": "http://192.168.22.10:8774/1bc67669f84e4b79896fc8f111f85069/flavors/8003aee3-a217-4bec-9fb4-8e6a471c7dc0", "rel": "bookmark"}], "id": "8003aee3-a217-4bec-9fb4-8e6a471c7dc0", "os-flavor-access:is_public": true, "vcpus": 2, "rxtx_factor": 1.0, "OS-FLV-DISABLED:disabled": false, "ram": 4096}, "vm": {"key_name": null, "OS-EXT-SRV-ATTR:hypervisor_hostname": "compute-server-8", "task_state": null, "user_id": "60f374f3a26843c583c67690896d14ef", "OS-EXT-STS:power_state": 1, "image": {"links": [{"href": "http://192.168.22.10:8774/1bc67669f84e4b79896fc8f111f85069/images/69bd2862-75da-400f-9d4a-4fbb233c6714", "rel": "bookmark"}], "id": "69bd2862-75da-400f-9d4a-4fbb233c6714"}, "os-extended-volumes:volumes_attached": [], "links": [{"href": "http://192.168.22.10:8774/v2/1bc67669f84e4b79896fc8f111f85069/servers/f6b10c7e-fce3-42da-8689-b4a726f18dad", "rel": "self"}, {"href": "http://192.168.22.10:8774/1bc67669f84e4b79896fc8f111f85069/servers/f6b10c7e-fce3-42da-8689-b4a726f18dad", "rel": "bookmark"}], "metadata": {}, "OS-EXT-STS:vm_state": "active", "hostId": "0e51989cf4835622040d541f441060b3d795049bb1445709fefa491c", "tenant_id": "43d280980abd4e9ba7f1fa05d9bff4b8", "OS-EXT-AZ:availability_zone": "nova", "target_host": "compute-server-8", "security_groups": [{"name": "default"}, {"name": "default"}, {"name": "default"}], "name": "23f7444e-174c-4_csr1_0_29430544-eb02-40c3-9a62-4049a6f38d8f", "OS-EXT-SRV-ATTR:instance_name": "instance-0000238c", "flavor": {"links": [{"href": "http://192.168.22.10:8774/1bc67669f84e4b79896fc8f111f85069/flavors/8003aee3-a217-4bec-9fb4-8e6a471c7dc0", "rel": "bookmark"}], "id": "8003aee3-a217-4bec-9fb4-8e6a471c7dc0"}, "created": "2017-05-02T11:03:55Z", "OS-SRV-USG:terminated_at": null, "accessIPv4": "", "config_drive": "True", "updated": "2017-05-02T11:04:45Z", "OS-SRV-USG:launched_at": "2017-05-02T11:04:45.000000", "status": "ACTIVE", "id": "f6b10c7e-fce3-42da-8689-b4a726f18dad", "accessIPv6": "", "OS-EXT-STS:task_state": null, "progress": 0, "OS-DCF:diskConfig": "MANUAL", "addresses": {"os-management-net-0": [{"version": 4, "OS-EXT-IPS:type": "fixed", "addr": "10.254.253.120", "OS-EXT-IPS-MAC:mac_addr": "fa:16:3e:e4:d0:42"}], "nfvbench-net0": [{"version": 4, "OS-EXT-IPS:type": "fixed", "addr": "192.168.1.2", "OS-EXT-IPS-MAC:mac_addr": "fa:16:3e:4c:d9:af"}], "nfvbench-net1": [{"version": 4, "OS-EXT-IPS:type": "fixed", "addr": "192.168.2.2", "OS-EXT-IPS-MAC:mac_addr": "fa:16:3e:87:49:68"}]}, "OS-EXT-SRV-ATTR:host": "compute-server-8"}}]}